PODS:
  - iosMath (0.9.5)
  - MathEditor (0.3.0):
    - iosMath (~> 0.9.3)

DEPENDENCIES:
  - iosMath (from `https://github.com/turgutekmekci/iOSMath.git`, branch `development`)
  - MathEditor (from `./`)

EXTERNAL SOURCES:
  iosMath:
    :branch: development
    :git: https://github.com/turgutekmekci/iOSMath.git
  MathEditor:
    :path: "./"

CHECKOUT OPTIONS:
  iosMath:
    :commit: 0d2164c7639cbe62114437a3c1e59699aa4ffe26
    :git: https://github.com/turgutekmekci/iOSMath.git

SPEC CHECKSUMS:
  iosMath: 4f464433551995d8761ae0c44da88405f5e68ff8
  MathEditor: 0571991a0850213891aead3c2aae6d4b8faa7ced

PODFILE CHECKSUM: d44a359539fec5fa419c732eff7638b27518f6ee

COCOAPODS: 1.9.1
